
Microsoft Visual Studio Solution File, Format Version 12.00
# Visual Studio Version 16
VisualStudioVersion = 16.0.30204.135
MinimumVisualStudioVersion = 10.0.40219.1
Project("{FAE04EC0-301F-11D3-BF4B-00C04F79EFBC}") = "ConsoleApp15", "ConsoleApp15\ConsoleApp15.csproj", "{2B3C1553-47E9-4815-B760-A2FE34F1E48E}"
EndProject
Project("{FAE04EC0-301F-11D3-BF4B-00C04F79EFBC}") = "BizLayer", "BizLayer\BizLayer.csproj", "{65C93064-4A46-4550-83A9-CD994ED749EE}"
EndProject
Project("{FAE04EC0-301F-11D3-BF4B-00C04F79EFBC}") = "DataLayer", "DataLayer\DataLayer.csproj", "{5C457092-8656-449B-920B-5BAC25206A10}"
EndProject
Global
	GlobalSection(SolutionConfigurationPlatforms) = preSolution
		Debug|Any CPU = Debug|Any CPU
		Release|Any CPU = Release|Any CPU
	EndGlobalSection
	GlobalSection(ProjectConfigurationPlatforms) = postSolution
		{2B3C1553-47E9-4815-B760-A2FE34F1E48E}.Debug|Any CPU.ActiveCfg = Debug|Any CPU
		{2B3C1553-47E9-4815-B760-A2FE34F1E48E}.Debug|Any CPU.Build.0 = Debug|Any CPU
		{2B3C1553-47E9-4815-B760-A2FE34F1E48E}.Release|Any CPU.ActiveCfg = Release|Any CPU
		{2B3C1553-47E9-4815-B760-A2FE34F1E48E}.Release|Any CPU.Build.0 = Release|Any CPU
		{65C93064-4A46-4550-83A9-CD994ED749EE}.Debug|Any CPU.ActiveCfg = Debug|Any CPU
		{65C93064-4A46-4550-83A9-CD994ED749EE}.Debug|Any CPU.Build.0 = Debug|Any CPU
		{65C93064-4A46-4550-83A9-CD994ED749EE}.Release|Any CPU.ActiveCfg = Release|Any CPU
		{65C93064-4A46-4550-83A9-CD994ED749EE}.Release|Any CPU.Build.0 = Release|Any CPU
		{5C457092-8656-449B-920B-5BAC25206A10}.Debug|Any CPU.ActiveCfg = Debug|Any CPU
		{5C457092-8656-449B-920B-5BAC25206A10}.Debug|Any CPU.Build.0 = Debug|Any CPU
		{5C457092-8656-449B-920B-5BAC25206A10}.Release|Any CPU.ActiveCfg = Release|Any CPU
		{5C457092-8656-449B-920B-5BAC25206A10}.Release|Any CPU.Build.0 = Release|Any CPU
	EndGlobalSection
	GlobalSection(SolutionProperties) = preSolution
		HideSolutionNode = FALSE
	EndGlobalSection
	GlobalSection(ExtensibilityGlobals) = postSolution
		SolutionGuid = {A8FA93A1-E46C-4FA5-AE69-D7E49EF30588}
	EndGlobalSection
EndGlobal
